
Microsoft Visual Studio Solution File, Format Version 12.00
# Visual Studio Version 17
VisualStudioVersion = 17.6.33829.357
MinimumVisualStudioVersion = 10.0.40219.1
Project("{FAE04EC0-301F-11D3-BF4B-00C04F79EFBC}") = "ASL", "ASL.csproj", "{F878BBB5-5535-4ADD-AC8A-4AE01B7AAF2C}"
EndProject
Global
	GlobalSection(SolutionConfigurationPlatforms) = preSolution
		Debug|Any CPU = Debug|Any CPU
		Release|Any CPU = Release|Any CPU
	EndGlobalSection
	GlobalSection(ProjectConfigurationPlatforms) = postSolution
		{F878BBB5-5535-4ADD-AC8A-4AE01B7AAF2C}.Debug|Any CPU.ActiveCfg = Debug|Any CPU
		{F878BBB5-5535-4ADD-AC8A-4AE01B7AAF2C}.Debug|Any CPU.Build.0 = Debug|Any CPU
		{F878BBB5-5535-4ADD-AC8A-4AE01B7AAF2C}.Release|Any CPU.ActiveCfg = Release|Any CPU
		{F878BBB5-5535-4ADD-AC8A-4AE01B7AAF2C}.Release|Any CPU.Build.0 = Release|Any CPU
	EndGlobalSection
	GlobalSection(SolutionProperties) = preSolution
		HideSolutionNode = FALSE
	EndGlobalSection
	GlobalSection(ExtensibilityGlobals) = postSolution
		SolutionGuid = {C95F1D70-3104-4552-8E4D-7B96273A244A}
	EndGlobalSection
EndGlobal
